
Microsoft Visual Studio Solution File, Format Version 12.00
# Visual Studio Version 17
VisualStudioVersion = 17.2.32616.157
MinimumVisualStudioVersion = 10.0.40219.1
Project("{FAE04EC0-301F-11D3-BF4B-00C04F79EFBC}") = "Server", "Server\Server.csproj", "{50A6A03D-F243-46B8-BCE8-7E8E7CA5C06B}"
EndProject
Project("{FAE04EC0-301F-11D3-BF4B-00C04F79EFBC}") = "Client", "Client\Client.csproj", "{A1627154-2E16-45CC-A206-B62256B17557}"
EndProject
Project("{FAE04EC0-301F-11D3-BF4B-00C04F79EFBC}") = "Shared", "Shared\Shared.csproj", "{F7F9FF03-BAA7-45B3-BB40-07844DDA819C}"
EndProject
Global
	GlobalSection(SolutionConfigurationPlatforms) = preSolution
		Debug|Any CPU = Debug|Any CPU
		Release|Any CPU = Release|Any CPU
	EndGlobalSection
	GlobalSection(ProjectConfigurationPlatforms) = postSolution
		{50A6A03D-F243-46B8-BCE8-7E8E7CA5C06B}.Debug|Any CPU.ActiveCfg = Debug|Any CPU
		{50A6A03D-F243-46B8-BCE8-7E8E7CA5C06B}.Debug|Any CPU.Build.0 = Debug|Any CPU
		{50A6A03D-F243-46B8-BCE8-7E8E7CA5C06B}.Release|Any CPU.ActiveCfg = Release|Any CPU
		{50A6A03D-F243-46B8-BCE8-7E8E7CA5C06B}.Release|Any CPU.Build.0 = Release|Any CPU
		{A1627154-2E16-45CC-A206-B62256B17557}.Debug|Any CPU.ActiveCfg = Debug|Any CPU
		{A1627154-2E16-45CC-A206-B62256B17557}.Debug|Any CPU.Build.0 = Debug|Any CPU
		{A1627154-2E16-45CC-A206-B62256B17557}.Release|Any CPU.ActiveCfg = Release|Any CPU
		{A1627154-2E16-45CC-A206-B62256B17557}.Release|Any CPU.Build.0 = Release|Any CPU
		{F7F9FF03-BAA7-45B3-BB40-07844DDA819C}.Debug|Any CPU.ActiveCfg = Debug|Any CPU
		{F7F9FF03-BAA7-45B3-BB40-07844DDA819C}.Debug|Any CPU.Build.0 = Debug|Any CPU
		{F7F9FF03-BAA7-45B3-BB40-07844DDA819C}.Release|Any CPU.ActiveCfg = Release|Any CPU
		{F7F9FF03-BAA7-45B3-BB40-07844DDA819C}.Release|Any CPU.Build.0 = Release|Any CPU
	EndGlobalSection
	GlobalSection(SolutionProperties) = preSolution
		HideSolutionNode = FALSE
	EndGlobalSection
	GlobalSection(ExtensibilityGlobals) = postSolution
		SolutionGuid = {4668835F-538C-4025-9985-2B3BA705CD45}
	EndGlobalSection
EndGlobal
